
Microsoft Visual Studio Solution File, Format Version 12.00
# Visual Studio Version 16
VisualStudioVersion = 16.0.31424.327
MinimumVisualStudioVersion = 10.0.40219.1
Project("{9A19103F-16F7-4668-BE54-9A1E7A4F7556}") = "EnergyMeterAPI", "Energy Meter API\EnergyMeterAPI.csproj", "{0FD8D296-4C2E-42AD-8CA5-AEBC63A1A5D7}"
EndProject
Project("{FAE04EC0-301F-11D3-BF4B-00C04F79EFBC}") = "Unit Tests", "Unit Tests\Unit Tests.csproj", "{298FD19D-6BB2-4F5D-9511-FFC8F3958867}"
EndProject
Global
	GlobalSection(SolutionConfigurationPlatforms) = preSolution
		Debug|Any CPU = Debug|Any CPU
		Release|Any CPU = Release|Any CPU
	EndGlobalSection
	GlobalSection(ProjectConfigurationPlatforms) = postSolution
		{0FD8D296-4C2E-42AD-8CA5-AEBC63A1A5D7}.Debug|Any CPU.ActiveCfg = Debug|Any CPU
		{0FD8D296-4C2E-42AD-8CA5-AEBC63A1A5D7}.Debug|Any CPU.Build.0 = Debug|Any CPU
		{0FD8D296-4C2E-42AD-8CA5-AEBC63A1A5D7}.Release|Any CPU.ActiveCfg = Release|Any CPU
		{0FD8D296-4C2E-42AD-8CA5-AEBC63A1A5D7}.Release|Any CPU.Build.0 = Release|Any CPU
		{298FD19D-6BB2-4F5D-9511-FFC8F3958867}.Debug|Any CPU.ActiveCfg = Debug|Any CPU
		{298FD19D-6BB2-4F5D-9511-FFC8F3958867}.Debug|Any CPU.Build.0 = Debug|Any CPU
		{298FD19D-6BB2-4F5D-9511-FFC8F3958867}.Release|Any CPU.ActiveCfg = Release|Any CPU
		{298FD19D-6BB2-4F5D-9511-FFC8F3958867}.Release|Any CPU.Build.0 = Release|Any CPU
	EndGlobalSection
	GlobalSection(SolutionProperties) = preSolution
		HideSolutionNode = FALSE
	EndGlobalSection
	GlobalSection(ExtensibilityGlobals) = postSolution
		SolutionGuid = {B5FB0066-1F4B-4C7A-95D9-3AE8D7FA3051}
	EndGlobalSection
EndGlobal
